
Microsoft Visual Studio Solution File, Format Version 12.00
# Visual Studio Version 16
VisualStudioVersion = 16.0.30320.27
MinimumVisualStudioVersion = 10.0.40219.1
Project("{8BC9CEB8-8B4A-11D0-8D11-00A0C91BC942}") = "KoopaStomper", "KoopaStomper.vcxproj", "{B773F6F2-6D0A-4AB6-94E3-D326363E7552}"
EndProject
Global
	GlobalSection(SolutionConfigurationPlatforms) = preSolution
		Debug|x64 = Debug|x64
		Debug|x86 = Debug|x86
		Release|x64 = Release|x64
		Release|x86 = Release|x86
	EndGlobalSection
	GlobalSection(ProjectConfigurationPlatforms) = postSolution
		{B773F6F2-6D0A-4AB6-94E3-D326363E7552}.Debug|x64.ActiveCfg = Debug|x64
		{B773F6F2-6D0A-4AB6-94E3-D326363E7552}.Debug|x64.Build.0 = Debug|x64
		{B773F6F2-6D0A-4AB6-94E3-D326363E7552}.Debug|x86.ActiveCfg = Debug|Win32
		{B773F6F2-6D0A-4AB6-94E3-D326363E7552}.Debug|x86.Build.0 = Debug|Win32
		{B773F6F2-6D0A-4AB6-94E3-D326363E7552}.Release|x64.ActiveCfg = Release|x64
		{B773F6F2-6D0A-4AB6-94E3-D326363E7552}.Release|x64.Build.0 = Release|x64
		{B773F6F2-6D0A-4AB6-94E3-D326363E7552}.Release|x86.ActiveCfg = Release|Win32
		{B773F6F2-6D0A-4AB6-94E3-D326363E7552}.Release|x86.Build.0 = Release|Win32
	EndGlobalSection
	GlobalSection(SolutionProperties) = preSolution
		HideSolutionNode = FALSE
	EndGlobalSection
	GlobalSection(ExtensibilityGlobals) = postSolution
		SolutionGuid = {4D5DCBD2-103C-4CD2-8DE0-A9B08057681F}
	EndGlobalSection
EndGlobal
